
Microsoft Visual Studio Solution File, Format Version 12.00
# Visual Studio 14
VisualStudioVersion = 14.0.25420.1
MinimumVisualStudioVersion = 10.0.40219.1
Project("{FAE04EC0-301F-11D3-BF4B-00C04F79EFBC}") = "TournamentOrganizer", "TournamentOrganizer\TournamentOrganizer.csproj", "{58679DF3-26C9-402A-BB25-EAC364C3E599}"
EndProject
Project("{FAE04EC0-301F-11D3-BF4B-00C04F79EFBC}") = "TournamentOrganizer.BL", "TournamentOrganizer.BL\TournamentOrganizer.BL.csproj", "{3281B204-E3EF-4CA0-84F9-98D285983DFB}"
EndProject
Project("{FAE04EC0-301F-11D3-BF4B-00C04F79EFBC}") = "TournamentOrganizer.Model", "TournamentOrganizer.Model\TournamentOrganizer.Model.csproj", "{05D41787-D412-4300-8ED0-599BB7863B44}"
EndProject
Project("{FAE04EC0-301F-11D3-BF4B-00C04F79EFBC}") = "TournamentAspnetIdentity", "TournamentAspnetIdentity\TournamentAspnetIdentity.csproj", "{739D14EF-E756-418A-8AEB-CDAA7A81AB65}"
EndProject
Global
	GlobalSection(SolutionConfigurationPlatforms) = preSolution
		Debug|Any CPU = Debug|Any CPU
		Release|Any CPU = Release|Any CPU
	EndGlobalSection
	GlobalSection(ProjectConfigurationPlatforms) = postSolution
		{58679DF3-26C9-402A-BB25-EAC364C3E599}.Debug|Any CPU.ActiveCfg = Debug|Any CPU
		{58679DF3-26C9-402A-BB25-EAC364C3E599}.Debug|Any CPU.Build.0 = Debug|Any CPU
		{58679DF3-26C9-402A-BB25-EAC364C3E599}.Release|Any CPU.ActiveCfg = Release|Any CPU
		{58679DF3-26C9-402A-BB25-EAC364C3E599}.Release|Any CPU.Build.0 = Release|Any CPU
		{3281B204-E3EF-4CA0-84F9-98D285983DFB}.Debug|Any CPU.ActiveCfg = Debug|Any CPU
		{3281B204-E3EF-4CA0-84F9-98D285983DFB}.Debug|Any CPU.Build.0 = Debug|Any CPU
		{3281B204-E3EF-4CA0-84F9-98D285983DFB}.Release|Any CPU.ActiveCfg = Release|Any CPU
		{3281B204-E3EF-4CA0-84F9-98D285983DFB}.Release|Any CPU.Build.0 = Release|Any CPU
		{05D41787-D412-4300-8ED0-599BB7863B44}.Debug|Any CPU.ActiveCfg = Debug|Any CPU
		{05D41787-D412-4300-8ED0-599BB7863B44}.Debug|Any CPU.Build.0 = Debug|Any CPU
		{05D41787-D412-4300-8ED0-599BB7863B44}.Release|Any CPU.ActiveCfg = Release|Any CPU
		{05D41787-D412-4300-8ED0-599BB7863B44}.Release|Any CPU.Build.0 = Release|Any CPU
		{739D14EF-E756-418A-8AEB-CDAA7A81AB65}.Debug|Any CPU.ActiveCfg = Debug|Any CPU
		{739D14EF-E756-418A-8AEB-CDAA7A81AB65}.Debug|Any CPU.Build.0 = Debug|Any CPU
		{739D14EF-E756-418A-8AEB-CDAA7A81AB65}.Release|Any CPU.ActiveCfg = Release|Any CPU
		{739D14EF-E756-418A-8AEB-CDAA7A81AB65}.Release|Any CPU.Build.0 = Release|Any CPU
	EndGlobalSection
	GlobalSection(SolutionProperties) = preSolution
		HideSolutionNode = FALSE
	EndGlobalSection
EndGlobal
